// !$*UTF8*$!
{
	archiveVersion = 1;
	classes = {
	};
	objectVersion = 46;
	objects = {

/* Begin PBXBuildFile section */
		1DC5ADD31CC9B17A008FDA98 /* SVGBezierPath.h in Headers */ = {isa = PBXBuildFile; fileRef = 1DC5ADD11CC9B17A008FDA98 /* SVGBezierPath.h */; settings = {ATTRIBUTES = (Public, ); }; };
		1DC5ADD41CC9B17A008FDA98 /* SVGBezierPath.h in Headers */ = {isa = PBXBuildFile; fileRef = 1DC5ADD11CC9B17A008FDA98 /* SVGBezierPath.h */; settings = {ATTRIBUTES = (Public, ); }; };
		1DC5ADD51CC9B17A008FDA98 /* SVGBezierPath.mm in Sources */ = {isa = PBXBuildFile; fileRef = 1DC5ADD21CC9B17A008FDA98 /* SVGBezierPath.mm */; };
		1DC5ADD61CC9B17A008FDA98 /* SVGBezierPath.mm in Sources */ = {isa = PBXBuildFile; fileRef = 1DC5ADD21CC9B17A008FDA98 /* SVGBezierPath.mm */; };
		B0EEE2191D6C680400BCAF68 /* PocketSVG.h in Headers */ = {isa = PBXBuildFile; fileRef = B0EEE2181D6C680400BCAF68 /* PocketSVG.h */; settings = {ATTRIBUTES = (Public, ); }; };
		B0EEE23A1D6CA89A00BCAF68 /* PocketSVG.h in Headers */ = {isa = PBXBuildFile; fileRef = B0EEE2181D6C680400BCAF68 /* PocketSVG.h */; settings = {ATTRIBUTES = (Public, ); }; };
		C79800E01A21CB9A00380860 /* SVGLayer.h in Headers */ = {isa = PBXBuildFile; fileRef = C79800D91A21CB9A00380860 /* SVGLayer.h */; settings = {ATTRIBUTES = (Public, ); }; };
		C79800E11A21CB9A00380860 /* SVGLayer.m in Sources */ = {isa = PBXBuildFile; fileRef = C79800DA1A21CB9A00380860 /* SVGLayer.m */; };
		C79800E31A21CB9A00380860 /* SVGEngine.mm in Sources */ = {isa = PBXBuildFile; fileRef = C79800DC1A21CB9A00380860 /* SVGEngine.mm */; };
		C79800E41A21CB9A00380860 /* SVGPortability.h in Headers */ = {isa = PBXBuildFile; fileRef = C79800DD1A21CB9A00380860 /* SVGPortability.h */; settings = {ATTRIBUTES = (Public, ); }; };
		C79800E61A21CBB900380860 /* libxml2.dylib in Frameworks */ = {isa = PBXBuildFile; fileRef = C79800E51A21CBB900380860 /* libxml2.dylib */; };
		C79801151A21CEAE00380860 /* SVGLayer.h in Headers */ = {isa = PBXBuildFile; fileRef = C79800D91A21CB9A00380860 /* SVGLayer.h */; settings = {ATTRIBUTES = (Public, ); }; };
		C79801171A21CEB000380860 /* SVGPortability.h in Headers */ = {isa = PBXBuildFile; fileRef = C79800DD1A21CB9A00380860 /* SVGPortability.h */; settings = {ATTRIBUTES = (Public, ); }; };
		C79801191A21CEBB00380860 /* SVGLayer.m in Sources */ = {isa = PBXBuildFile; fileRef = C79800DA1A21CB9A00380860 /* SVGLayer.m */; };
		C798011A1A21CEBB00380860 /* SVGEngine.mm in Sources */ = {isa = PBXBuildFile; fileRef = C79800DC1A21CB9A00380860 /* SVGEngine.mm */; };
		C798011C1A21CEC200380860 /* libxml2.dylib in Frameworks */ = {isa = PBXBuildFile; fileRef = C798011B1A21CEC200380860 /* libxml2.dylib */; };
		C79801281A21F13E00380860 /* SVGImageView.h in Headers */ = {isa = PBXBuildFile; fileRef = C79801271A21F13E00380860 /* SVGImageView.h */; settings = {ATTRIBUTES = (Public, ); }; };
		C79801291A21F13E00380860 /* SVGImageView.h in Headers */ = {isa = PBXBuildFile; fileRef = C79801271A21F13E00380860 /* SVGImageView.h */; settings = {ATTRIBUTES = (Public, ); }; };
		C79801321A21F35C00380860 /* SVGImageView.m in Sources */ = {isa = PBXBuildFile; fileRef = C798012D1A21F35C00380860 /* SVGImageView.m */; };
		C79801331A21F35C00380860 /* SVGImageView.m in Sources */ = {isa = PBXBuildFile; fileRef = C798012D1A21F35C00380860 /* SVGImageView.m */; };
/* End PBXBuildFile section */

/* Begin PBXFileReference section */
		1DC5ADD11CC9B17A008FDA98 /* SVGBezierPath.h */ = {isa = PBXFileReference; fileEncoding = 4; lastKnownFileType = sourcecode.c.h; path = SVGBezierPath.h; sourceTree = "<group>"; };
		1DC5ADD21CC9B17A008FDA98 /* SVGBezierPath.mm */ = {isa = PBXFileReference; fileEncoding = 4; lastKnownFileType = sourcecode.cpp.objcpp; path = SVGBezierPath.mm; sourceTree = "<group>"; };
		B0EEE2181D6C680400BCAF68 /* PocketSVG.h */ = {isa = PBXFileReference; fileEncoding = 4; lastKnownFileType = sourcecode.c.h; path = PocketSVG.h; sourceTree = "<group>"; };
		B0EEE21B1D6C6A4300BCAF68 /* README.md */ = {isa = PBXFileReference; lastKnownFileType = net.daringfireball.markdown; path = README.md; sourceTree = "<group>"; };
		C79800BB1A21CB5300380860 /* PocketSVG.framework */ = {isa = PBXFileReference; explicitFileType = wrapper.framework; includeInIndex = 0; path = PocketSVG.framework; sourceTree = BUILT_PRODUCTS_DIR; };
		C79800BF1A21CB5300380860 /* Framework-Info-iOS.plist */ = {isa = PBXFileReference; lastKnownFileType = text.plist; path = "Framework-Info-iOS.plist"; sourceTree = "<group>"; };
		C79800D91A21CB9A00380860 /* SVGLayer.h */ = {isa = PBXFileReference; fileEncoding = 4; lastKnownFileType = sourcecode.c.h; path = SVGLayer.h; sourceTree = SOURCE_ROOT; };
		C79800DA1A21CB9A00380860 /* SVGLayer.m */ = {isa = PBXFileReference; fileEncoding = 4; lastKnownFileType = sourcecode.c.objc; path = SVGLayer.m; sourceTree = SOURCE_ROOT; };
		C79800DB1A21CB9A00380860 /* SVGEngine.h */ = {isa = PBXFileReference; fileEncoding = 4; lastKnownFileType = sourcecode.c.h; path = SVGEngine.h; sourceTree = SOURCE_ROOT; };
		C79800DC1A21CB9A00380860 /* SVGEngine.mm */ = {isa = PBXFileReference; fileEncoding = 4; lastKnownFileType = sourcecode.cpp.objcpp; path = SVGEngine.mm; sourceTree = SOURCE_ROOT; };
		C79800DD1A21CB9A00380860 /* SVGPortability.h */ = {isa = PBXFileReference; fileEncoding = 4; lastKnownFileType = sourcecode.c.h; path = SVGPortability.h; sourceTree = SOURCE_ROOT; };
		C79800E51A21CBB900380860 /* libxml2.dylib */ = {isa = PBXFileReference; lastKnownFileType = "compiled.mach-o.dylib"; name = libxml2.dylib; path = usr/lib/libxml2.dylib; sourceTree = SDKROOT; };
		C79800F51A21CDFD00380860 /* PocketSVG.framework */ = {isa = PBXFileReference; explicitFileType = wrapper.framework; includeInIndex = 0; path = PocketSVG.framework; sourceTree = BUILT_PRODUCTS_DIR; };
		C798011B1A21CEC200380860 /* libxml2.dylib */ = {isa = PBXFileReference; lastKnownFileType = "compiled.mach-o.dylib"; name = libxml2.dylib; path = Platforms/MacOSX.platform/Developer/SDKs/MacOSX10.10.sdk/usr/lib/libxml2.dylib; sourceTree = DEVELOPER_DIR; };
		C79801271A21F13E00380860 /* SVGImageView.h */ = {isa = PBXFileReference; fileEncoding = 4; lastKnownFileType = sourcecode.c.h; path = SVGImageView.h; sourceTree = SOURCE_ROOT; };
		C798012D1A21F35C00380860 /* SVGImageView.m */ = {isa = PBXFileReference; fileEncoding = 4; lastKnownFileType = sourcecode.c.objc; path = SVGImageView.m; sourceTree = SOURCE_ROOT; };
/* End PBXFileReference section */

/* Begin PBXFrameworksBuildPhase section */
		C79800B71A21CB5300380860 /* Frameworks */ = {
			isa = PBXFrameworksBuildPhase;
			buildActionMask = 2147483647;
			files = (
				C79800E61A21CBB900380860 /* libxml2.dylib in Frameworks */,
			);
			runOnlyForDeploymentPostprocessing = 0;
		};
		C79800F11A21CDFD00380860 /* Frameworks */ = {
			isa = PBXFrameworksBuildPhase;
			buildActionMask = 2147483647;
			files = (
				C798011C1A21CEC200380860 /* libxml2.dylib in Frameworks */,
			);
			runOnlyForDeploymentPostprocessing = 0;
		};
/* End PBXFrameworksBuildPhase section */

/* Begin PBXGroup section */
		C79800B11A21CB5300380860 = {
			isa = PBXGroup;
			children = (
				B0EEE2181D6C680400BCAF68 /* PocketSVG.h */,
				C79801271A21F13E00380860 /* SVGImageView.h */,
				C798012D1A21F35C00380860 /* SVGImageView.m */,
				C79800D91A21CB9A00380860 /* SVGLayer.h */,
				C79800DA1A21CB9A00380860 /* SVGLayer.m */,
				1DC5ADD11CC9B17A008FDA98 /* SVGBezierPath.h */,
				1DC5ADD21CC9B17A008FDA98 /* SVGBezierPath.mm */,
				C79800DD1A21CB9A00380860 /* SVGPortability.h */,
				C79800DB1A21CB9A00380860 /* SVGEngine.h */,
				C79800DC1A21CB9A00380860 /* SVGEngine.mm */,
				C79800BE1A21CB5300380860 /* Supporting Files */,
				C79800BC1A21CB5300380860 /* Products */,
				B0EEE21B1D6C6A4300BCAF68 /* README.md */,
			);
			sourceTree = "<group>";
		};
		C79800BC1A21CB5300380860 /* Products */ = {
			isa = PBXGroup;
			children = (
				C79800BB1A21CB5300380860 /* PocketSVG.framework */,
				C79800F51A21CDFD00380860 /* PocketSVG.framework */,
			);
			name = Products;
			sourceTree = "<group>";
		};
		C79800BE1A21CB5300380860 /* Supporting Files */ = {
			isa = PBXGroup;
			children = (
				C798011B1A21CEC200380860 /* libxml2.dylib */,
				C79800E51A21CBB900380860 /* libxml2.dylib */,
				C79800BF1A21CB5300380860 /* Framework-Info-iOS.plist */,
			);
			name = "Supporting Files";
			path = SVGPathSerializing;
			sourceTree = "<group>";
		};
/* End PBXGroup section */

/* Begin PBXHeadersBuildPhase section */
		C79800B81A21CB5300380860 /* Headers */ = {
			isa = PBXHeadersBuildPhase;
			buildActionMask = 2147483647;
			files = (
				B0EEE2191D6C680400BCAF68 /* PocketSVG.h in Headers */,
				C79800E01A21CB9A00380860 /* SVGLayer.h in Headers */,
				C79801281A21F13E00380860 /* SVGImageView.h in Headers */,
				1DC5ADD31CC9B17A008FDA98 /* SVGBezierPath.h in Headers */,
				C79800E41A21CB9A00380860 /* SVGPortability.h in Headers */,
			);
			runOnlyForDeploymentPostprocessing = 0;
		};
		C79800F21A21CDFD00380860 /* Headers */ = {
			isa = PBXHeadersBuildPhase;
			buildActionMask = 2147483647;
			files = (
				B0EEE23A1D6CA89A00BCAF68 /* PocketSVG.h in Headers */,
				C79801151A21CEAE00380860 /* SVGLayer.h in Headers */,
				1DC5ADD41CC9B17A008FDA98 /* SVGBezierPath.h in Headers */,
				C79801171A21CEB000380860 /* SVGPortability.h in Headers */,
				C79801291A21F13E00380860 /* SVGImageView.h in Headers */,
			);
			runOnlyForDeploymentPostprocessing = 0;
		};
/* End PBXHeadersBuildPhase section */

/* Begin PBXNativeTarget section */
		C79800BA1A21CB5300380860 /* PocketSVG (iOS) */ = {
			isa = PBXNativeTarget;
			buildConfigurationList = C79800D11A21CB5300380860 /* Build configuration list for PBXNativeTarget "PocketSVG (iOS)" */;
			buildPhases = (
				C79800B61A21CB5300380860 /* Sources */,
				C79800B71A21CB5300380860 /* Frameworks */,
				C79800B81A21CB5300380860 /* Headers */,
				C79800B91A21CB5300380860 /* Resources */,
			);
			buildRules = (
			);
			dependencies = (
			);
			name = "PocketSVG (iOS)";
			productName = SVGPathSerializing;
			productReference = C79800BB1A21CB5300380860 /* PocketSVG.framework */;
			productType = "com.apple.product-type.framework";
		};
		C79800F41A21CDFD00380860 /* PocketSVG (Mac) */ = {
			isa = PBXNativeTarget;
			buildConfigurationList = C79801081A21CDFD00380860 /* Build configuration list for PBXNativeTarget "PocketSVG (Mac)" */;
			buildPhases = (
				C79800F01A21CDFD00380860 /* Sources */,
				C79800F11A21CDFD00380860 /* Frameworks */,
				C79800F21A21CDFD00380860 /* Headers */,
				C79800F31A21CDFD00380860 /* Resources */,
			);
			buildRules = (
			);
			dependencies = (
			);
			name = "PocketSVG (Mac)";
			productName = SVGPathSerializing;
			productReference = C79800F51A21CDFD00380860 /* PocketSVG.framework */;
			productType = "com.apple.product-type.framework";
		};
/* End PBXNativeTarget section */

/* Begin PBXProject section */
		C79800B21A21CB5300380860 /* Project object */ = {
			isa = PBXProject;
			attributes = {
				LastUpgradeCheck = 0800;
				ORGANIZATIONNAME = "Fjölnir Ásgeirsson";
				TargetAttributes = {
					C79800BA1A21CB5300380860 = {
						CreatedOnToolsVersion = 6.1;
						LastSwiftMigration = 0800;
					};
					C79800F41A21CDFD00380860 = {
						CreatedOnToolsVersion = 6.1;
						LastSwiftMigration = 0800;
					};
				};
			};
			buildConfigurationList = C79800B51A21CB5300380860 /* Build configuration list for PBXProject "PocketSVG" */;
			compatibilityVersion = "Xcode 3.2";
			developmentRegion = English;
			hasScannedForEncodings = 0;
			knownRegions = (
				en,
			);
			mainGroup = C79800B11A21CB5300380860;
			productRefGroup = C79800BC1A21CB5300380860 /* Products */;
			projectDirPath = "";
			projectRoot = "";
			targets = (
				C79800BA1A21CB5300380860 /* PocketSVG (iOS) */,
				C79800F41A21CDFD00380860 /* PocketSVG (Mac) */,
			);
		};
/* End PBXProject section */

/* Begin PBXResourcesBuildPhase section */
		C79800B91A21CB5300380860 /* Resources */ = {
			isa = PBXResourcesBuildPhase;
			buildActionMask = 2147483647;
			files = (
			);
			runOnlyForDeploymentPostprocessing = 0;
		};
		C79800F31A21CDFD00380860 /* Resources */ = {
			isa = PBXResourcesBuildPhase;
			buildActionMask = 2147483647;
			files = (
			);
			runOnlyForDeploymentPostprocessing = 0;
		};
/* End PBXResourcesBuildPhase section */

/* Begin PBXSourcesBuildPhase section */
		C79800B61A21CB5300380860 /* Sources */ = {
			isa = PBXSourcesBuildPhase;
			buildActionMask = 2147483647;
			files = (
				1DC5ADD51CC9B17A008FDA98 /* SVGBezierPath.mm in Sources */,
				C79801321A21F35C00380860 /* SVGImageView.m in Sources */,
				C79800E11A21CB9A00380860 /* SVGLayer.m in Sources */,
				C79800E31A21CB9A00380860 /* SVGEngine.mm in Sources */,
			);
			runOnlyForDeploymentPostprocessing = 0;
		};
		C79800F01A21CDFD00380860 /* Sources */ = {
			isa = PBXSourcesBuildPhase;
			buildActionMask = 2147483647;
			files = (
				1DC5ADD61CC9B17A008FDA98 /* SVGBezierPath.mm in Sources */,
				C79801331A21F35C00380860 /* SVGImageView.m in Sources */,
				C79801191A21CEBB00380860 /* SVGLayer.m in Sources */,
				C798011A1A21CEBB00380860 /* SVGEngine.mm in Sources */,
			);
			runOnlyForDeploymentPostprocessing = 0;
		};
/* End PBXSourcesBuildPhase section */

/* Begin XCBuildConfiguration section */
		C79800CF1A21CB5300380860 /* Debug */ = {
			isa = XCBuildConfiguration;
			buildSettings = {
				ALWAYS_SEARCH_USER_PATHS = NO;
				CLANG_CXX_LANGUAGE_STANDARD = "gnu++0x";
				CLANG_CXX_LIBRARY = "libc++";
				CLANG_ENABLE_MODULES = YES;
				CLANG_ENABLE_OBJC_ARC = YES;
				CLANG_WARN_BOOL_CONVERSION = YES;
				CLANG_WARN_CONSTANT_CONVERSION = YES;
				CLANG_WARN_DIRECT_OBJC_ISA_USAGE = YES_ERROR;
				CLANG_WARN_EMPTY_BODY = YES;
				CLANG_WARN_ENUM_CONVERSION = YES;
				CLANG_WARN_INT_CONVERSION = YES;
				CLANG_WARN_OBJC_ROOT_CLASS = YES_ERROR;
				CLANG_WARN_UNREACHABLE_CODE = YES;
				CLANG_WARN__DUPLICATE_METHOD_MATCH = YES;
				"CODE_SIGN_IDENTITY[sdk=iphoneos*]" = "iPhone Developer";
				COPY_PHASE_STRIP = NO;
				CURRENT_PROJECT_VERSION = 1;
				ENABLE_STRICT_OBJC_MSGSEND = YES;
				ENABLE_TESTABILITY = YES;
				GCC_C_LANGUAGE_STANDARD = gnu99;
				GCC_DYNAMIC_NO_PIC = NO;
				GCC_NO_COMMON_BLOCKS = YES;
				GCC_OPTIMIZATION_LEVEL = 0;
				GCC_PREPROCESSOR_DEFINITIONS = (
					"DEBUG=1",
					"$(inherited)",
				);
				GCC_SYMBOLS_PRIVATE_EXTERN = NO;
				GCC_WARN_64_TO_32_BIT_CONVERSION = YES;
				GCC_WARN_ABOUT_RETURN_TYPE = YES_ERROR;
				GCC_WARN_UNDECLARED_SELECTOR = YES;
				GCC_WARN_UNINITIALIZED_AUTOS = YES_AGGRESSIVE;
				GCC_WARN_UNUSED_FUNCTION = YES;
				GCC_WARN_UNUSED_VARIABLE = YES;
				HEADER_SEARCH_PATHS = (
					"$(inherited)",
					/Applications/Xcode.app/Contents/Developer/Toolchains/XcodeDefault.xctoolchain/usr/include,
					"$(SDKROOT)/usr/include/libxml2",
				);
				IPHONEOS_DEPLOYMENT_TARGET = 8.1;
				MTL_ENABLE_DEBUG_INFO = YES;
				ONLY_ACTIVE_ARCH = YES;
				SDKROOT = iphoneos;
				TARGETED_DEVICE_FAMILY = "1,2";
				VERSIONING_SYSTEM = "apple-generic";
				VERSION_INFO_PREFIX = "";
			};
			name = Debug;
		};
		C79800D01A21CB5300380860 /* Release */ = {
			isa = XCBuildConfiguration;
			buildSettings = {
				ALWAYS_SEARCH_USER_PATHS = NO;
				CLANG_CXX_LANGUAGE_STANDARD = "gnu++0x";
				CLANG_CXX_LIBRARY = "libc++";
				CLANG_ENABLE_MODULES = YES;
				CLANG_ENABLE_OBJC_ARC = YES;
				CLANG_WARN_BOOL_CONVERSION = YES;
				CLANG_WARN_CONSTANT_CONVERSION = YES;
				CLANG_WARN_DIRECT_OBJC_ISA_USAGE = YES_ERROR;
				CLANG_WARN_EMPTY_BODY = YES;
				CLANG_WARN_ENUM_CONVERSION = YES;
				CLANG_WARN_INT_CONVERSION = YES;
				CLANG_WARN_OBJC_ROOT_CLASS = YES_ERROR;
				CLANG_WARN_UNREACHABLE_CODE = YES;
				CLANG_WARN__DUPLICATE_METHOD_MATCH = YES;
				"CODE_SIGN_IDENTITY[sdk=iphoneos*]" = "iPhone Developer";
				COPY_PHASE_STRIP = YES;
				CURRENT_PROJECT_VERSION = 1;
				ENABLE_NS_ASSERTIONS = NO;
				ENABLE_STRICT_OBJC_MSGSEND = YES;
				GCC_C_LANGUAGE_STANDARD = gnu99;
				GCC_NO_COMMON_BLOCKS = YES;
				GCC_WARN_64_TO_32_BIT_CONVERSION = YES;
				GCC_WARN_ABOUT_RETURN_TYPE = YES_ERROR;
				GCC_WARN_UNDECLARED_SELECTOR = YES;
				GCC_WARN_UNINITIALIZED_AUTOS = YES_AGGRESSIVE;
				GCC_WARN_UNUSED_FUNCTION = YES;
				GCC_WARN_UNUSED_VARIABLE = YES;
				HEADER_SEARCH_PATHS = (
					"$(inherited)",
					/Applications/Xcode.app/Contents/Developer/Toolchains/XcodeDefault.xctoolchain/usr/include,
					"$(SDKROOT)/usr/include/libxml2",
				);
				IPHONEOS_DEPLOYMENT_TARGET = 8.1;
				MTL_ENABLE_DEBUG_INFO = NO;
				SDKROOT = iphoneos;
				TARGETED_DEVICE_FAMILY = "1,2";
				VALIDATE_PRODUCT = YES;
				VERSIONING_SYSTEM = "apple-generic";
				VERSION_INFO_PREFIX = "";
			};
			name = Release;
		};
		C79800D21A21CB5300380860 /* Debug */ = {
			isa = XCBuildConfiguration;
			buildSettings = {
				DEFINES_MODULE = YES;
				DYLIB_COMPATIBILITY_VERSION = 1;
				DYLIB_CURRENT_VERSION = 1;
				DYLIB_INSTALL_NAME_BASE = "@rpath";
				HEADER_SEARCH_PATHS = (
					"$(inherited)",
					/Applications/Xcode.app/Contents/Developer/Toolchains/XcodeDefault.xctoolchain/usr/include,
				);
				INFOPLIST_FILE = "Framework-Info-iOS.plist";
				INSTALL_PATH = "$(LOCAL_LIBRARY_DIR)/Frameworks";
				LD_RUNPATH_SEARCH_PATHS = "$(inherited) @executable_path/Frameworks @loader_path/Frameworks";
				PRODUCT_BUNDLE_IDENTIFIER = com.pocketsvg.pocketsvg;
				PRODUCT_NAME = PocketSVG;
				SKIP_INSTALL = YES;
				SWIFT_VERSION = 3.0;
			};
			name = Debug;
		};
		C79800D31A21CB5300380860 /* Release */ = {
			isa = XCBuildConfiguration;
			buildSettings = {
				DEFINES_MODULE = YES;
				DYLIB_COMPATIBILITY_VERSION = 1;
				DYLIB_CURRENT_VERSION = 1;
				DYLIB_INSTALL_NAME_BASE = "@rpath";
				HEADER_SEARCH_PATHS = (
					"$(inherited)",
					/Applications/Xcode.app/Contents/Developer/Toolchains/XcodeDefault.xctoolchain/usr/include,
				);
				INFOPLIST_FILE = "Framework-Info-iOS.plist";
				INSTALL_PATH = "$(LOCAL_LIBRARY_DIR)/Frameworks";
				LD_RUNPATH_SEARCH_PATHS = "$(inherited) @executable_path/Frameworks @loader_path/Frameworks";
				PRODUCT_BUNDLE_IDENTIFIER = com.pocketsvg.pocketsvg;
				PRODUCT_NAME = PocketSVG;
				SKIP_INSTALL = YES;
				SWIFT_VERSION = 3.0;
			};
			name = Release;
		};
		C79801091A21CDFD00380860 /* Debug */ = {
			isa = XCBuildConfiguration;
			buildSettings = {
				COMBINE_HIDPI_IMAGES = YES;
				DEFINES_MODULE = YES;
				DYLIB_COMPATIBILITY_VERSION = 1;
				DYLIB_CURRENT_VERSION = 1;
				DYLIB_INSTALL_NAME_BASE = "@rpath";
				FRAMEWORK_VERSION = A;
				GCC_PREPROCESSOR_DEFINITIONS = (
					"DEBUG=1",
					"$(inherited)",
				);
				INFOPLIST_FILE = "Framework-Info-Mac.plist";
				INSTALL_PATH = "$(LOCAL_LIBRARY_DIR)/Frameworks";
				LD_RUNPATH_SEARCH_PATHS = "$(inherited) @executable_path/../Frameworks @loader_path/Frameworks";
				MACOSX_DEPLOYMENT_TARGET = 10.10;
				PRODUCT_BUNDLE_IDENTIFIER = com.pocketsvg.pocketsvg;
				PRODUCT_NAME = PocketSVG;
				SDKROOT = macosx;
				SKIP_INSTALL = YES;
				SWIFT_VERSION = 3.0;
			};
			name = Debug;
		};
		C798010A1A21CDFD00380860 /* Release */ = {
			isa = XCBuildConfiguration;
			buildSettings = {
				COMBINE_HIDPI_IMAGES = YES;
				DEBUG_INFORMATION_FORMAT = "dwarf-with-dsym";
				DEFINES_MODULE = YES;
				DYLIB_COMPATIBILITY_VERSION = 1;
				DYLIB_CURRENT_VERSION = 1;
				DYLIB_INSTALL_NAME_BASE = "@rpath";
				FRAMEWORK_VERSION = A;
				INFOPLIST_FILE = "Framework-Info-Mac.plist";
				INSTALL_PATH = "$(LOCAL_LIBRARY_DIR)/Frameworks";
				LD_RUNPATH_SEARCH_PATHS = "$(inherited) @executable_path/../Frameworks @loader_path/Frameworks";
				MACOSX_DEPLOYMENT_TARGET = 10.10;
				PRODUCT_BUNDLE_IDENTIFIER = com.pocketsvg.pocketsvg;
				PRODUCT_NAME = PocketSVG;
				SDKROOT = macosx;
				SKIP_INSTALL = YES;
				SWIFT_VERSION = 3.0;
			};
			name = Release;
		};
/* End XCBuildConfiguration section */

/* Begin XCConfigurationList section */
		C79800B51A21CB5300380860 /* Build configuration list for PBXProject "PocketSVG" */ = {
			isa = XCConfigurationList;
			buildConfigurations = (
				C79800CF1A21CB5300380860 /* Debug */,
				C79800D01A21CB5300380860 /* Release */,
			);
			defaultConfigurationIsVisible = 0;
			defaultConfigurationName = Release;
		};
		C79800D11A21CB5300380860 /* Build configuration list for PBXNativeTarget "PocketSVG (iOS)" */ = {
			isa = XCConfigurationList;
			buildConfigurations = (
				C79800D21A21CB5300380860 /* Debug */,
				C79800D31A21CB5300380860 /* Release */,
			);
			defaultConfigurationIsVisible = 0;
			defaultConfigurationName = Release;
		};
		C79801081A21CDFD00380860 /* Build configuration list for PBXNativeTarget "PocketSVG (Mac)" */ = {
			isa = XCConfigurationList;
			buildConfigurations = (
				C79801091A21CDFD00380860 /* Debug */,
				C798010A1A21CDFD00380860 /* Release */,
			);
			defaultConfigurationIsVisible = 0;
			defaultConfigurationName = Release;
		};
/* End XCConfigurationList section */
	};
	rootObject = C79800B21A21CB5300380860 /* Project object */;
}
