// !$*UTF8*$!
{
	archiveVersion = 1;
	classes = {
	};
	objectVersion = 46;
	objects = {

/* Begin PBXBuildFile section */
		C71E5EF91A21B69800400396 /* tiger.svg in Resources */ = {isa = PBXBuildFile; fileRef = C72C7BF11A1F278C006C80E5 /* tiger.svg */; };
		C71E5EFA1A21B69A00400396 /* iceland.svg in Resources */ = {isa = PBXBuildFile; fileRef = C7FCE4661A1ED0FA00A0BE0D /* iceland.svg */; };
		C71E5EFD1A21C11200400396 /* SVGAppDelegate.m in Sources */ = {isa = PBXBuildFile; fileRef = C76FD9221A21B2B20054C25D /* SVGAppDelegate.m */; };
		C71E5F091A21C56F00400396 /* main.m in Sources */ = {isa = PBXBuildFile; fileRef = C7FCE43C1A1ECE8E00A0BE0D /* main.m */; };
		C72C7BF21A1F278C006C80E5 /* tiger.svg in Resources */ = {isa = PBXBuildFile; fileRef = C72C7BF11A1F278C006C80E5 /* tiger.svg */; };
		C763A80E1A1F50A6007D5576 /* libxml2.dylib in Frameworks */ = {isa = PBXBuildFile; fileRef = C763A80D1A1F50A6007D5576 /* libxml2.dylib */; };
		C76FD9231A21B2B20054C25D /* SVGAppDelegate.m in Sources */ = {isa = PBXBuildFile; fileRef = C76FD9221A21B2B20054C25D /* SVGAppDelegate.m */; };
		C76FD92A1A21B2B20054C25D /* MainMenu.xib in Resources */ = {isa = PBXBuildFile; fileRef = C76FD9281A21B2B20054C25D /* MainMenu.xib */; };
		C76FD93E1A21B33D0054C25D /* libxml2.dylib in Frameworks */ = {isa = PBXBuildFile; fileRef = C76FD93D1A21B33D0054C25D /* libxml2.dylib */; };
		C79800EF1A21CC1C00380860 /* SVGPathSerializing.framework in Frameworks */ = {isa = PBXBuildFile; fileRef = C79800EC1A21CC0300380860 /* SVGPathSerializing.framework */; };
		C79801131A21CE6300380860 /* SVGPathSerializing.framework in Frameworks */ = {isa = PBXBuildFile; fileRef = C79801121A21CE5D00380860 /* SVGPathSerializing.framework */; };
		C7FCE43D1A1ECE8E00A0BE0D /* main.m in Sources */ = {isa = PBXBuildFile; fileRef = C7FCE43C1A1ECE8E00A0BE0D /* main.m */; };
		C7FCE4461A1ECE8E00A0BE0D /* Main.storyboard in Resources */ = {isa = PBXBuildFile; fileRef = C7FCE4441A1ECE8E00A0BE0D /* Main.storyboard */; };
		C7FCE44B1A1ECE8E00A0BE0D /* LaunchScreen.xib in Resources */ = {isa = PBXBuildFile; fileRef = C7FCE4491A1ECE8E00A0BE0D /* LaunchScreen.xib */; };
		C7FCE4671A1ED0FA00A0BE0D /* iceland.svg in Resources */ = {isa = PBXBuildFile; fileRef = C7FCE4661A1ED0FA00A0BE0D /* iceland.svg */; };
/* End PBXBuildFile section */

/* Begin PBXContainerItemProxy section */
		C79800EB1A21CC0300380860 /* PBXContainerItemProxy */ = {
			isa = PBXContainerItemProxy;
			containerPortal = C79800E71A21CC0300380860 /* SVGPathSerializing.xcodeproj */;
			proxyType = 2;
			remoteGlobalIDString = C79800BB1A21CB5300380860;
			remoteInfo = SVGPathSerializing;
		};
		C79800ED1A21CC1600380860 /* PBXContainerItemProxy */ = {
			isa = PBXContainerItemProxy;
			containerPortal = C79800E71A21CC0300380860 /* SVGPathSerializing.xcodeproj */;
			proxyType = 1;
			remoteGlobalIDString = C79800BA1A21CB5300380860;
			remoteInfo = SVGPathSerializing;
		};
		C798010E1A21CE5D00380860 /* PBXContainerItemProxy */ = {
			isa = PBXContainerItemProxy;
			containerPortal = C79800E71A21CC0300380860 /* SVGPathSerializing.xcodeproj */;
			proxyType = 1;
			remoteGlobalIDString = C79800F41A21CDFD00380860;
			remoteInfo = "SVGPathSerializing (Mac)";
		};
		C79801111A21CE5D00380860 /* PBXContainerItemProxy */ = {
			isa = PBXContainerItemProxy;
			containerPortal = C79800E71A21CC0300380860 /* SVGPathSerializing.xcodeproj */;
			proxyType = 2;
			remoteGlobalIDString = C79800F51A21CDFD00380860;
			remoteInfo = "SVGPathSerializing (Mac)";
		};
/* End PBXContainerItemProxy section */

/* Begin PBXFileReference section */
		C71E5EFB1A21B9F100400396 /* Info-iOS.plist */ = {isa = PBXFileReference; lastKnownFileType = text.plist.xml; path = "Info-iOS.plist"; sourceTree = "<group>"; };
		C72C7BF11A1F278C006C80E5 /* tiger.svg */ = {isa = PBXFileReference; fileEncoding = 4; lastKnownFileType = text.xml; path = tiger.svg; sourceTree = SOURCE_ROOT; };
		C763A80D1A1F50A6007D5576 /* libxml2.dylib */ = {isa = PBXFileReference; lastKnownFileType = "compiled.mach-o.dylib"; name = libxml2.dylib; path = usr/lib/libxml2.dylib; sourceTree = SDKROOT; };
		C76FD91D1A21B2B20054C25D /* SVGExample.app */ = {isa = PBXFileReference; explicitFileType = wrapper.application; includeInIndex = 0; path = SVGExample.app; sourceTree = BUILT_PRODUCTS_DIR; };
		C76FD9211A21B2B20054C25D /* SVGAppDelegate.h */ = {isa = PBXFileReference; lastKnownFileType = sourcecode.c.h; path = SVGAppDelegate.h; sourceTree = "<group>"; };
		C76FD9221A21B2B20054C25D /* SVGAppDelegate.m */ = {isa = PBXFileReference; lastKnownFileType = sourcecode.c.objc; path = SVGAppDelegate.m; sourceTree = "<group>"; };
		C76FD9291A21B2B20054C25D /* Base */ = {isa = PBXFileReference; lastKnownFileType = file.xib; name = Base; path = Base.lproj/MainMenu.xib; sourceTree = "<group>"; };
		C76FD93D1A21B33D0054C25D /* libxml2.dylib */ = {isa = PBXFileReference; lastKnownFileType = "compiled.mach-o.dylib"; name = libxml2.dylib; path = Platforms/MacOSX.platform/Developer/SDKs/MacOSX10.10.sdk/usr/lib/libxml2.dylib; sourceTree = DEVELOPER_DIR; };
		C79800E71A21CC0300380860 /* SVGPathSerializing.xcodeproj */ = {isa = PBXFileReference; lastKnownFileType = "wrapper.pb-project"; name = SVGPathSerializing.xcodeproj; path = ../SVGPathSerializing.xcodeproj; sourceTree = "<group>"; };
		C7FCE4371A1ECE8E00A0BE0D /* SVGExample.app */ = {isa = PBXFileReference; explicitFileType = wrapper.application; includeInIndex = 0; path = SVGExample.app; sourceTree = BUILT_PRODUCTS_DIR; };
		C7FCE43B1A1ECE8E00A0BE0D /* Info-Mac.plist */ = {isa = PBXFileReference; lastKnownFileType = text.plist.xml; path = "Info-Mac.plist"; sourceTree = "<group>"; };
		C7FCE43C1A1ECE8E00A0BE0D /* main.m */ = {isa = PBXFileReference; lastKnownFileType = sourcecode.c.objc; path = main.m; sourceTree = "<group>"; };
		C7FCE4451A1ECE8E00A0BE0D /* Base */ = {isa = PBXFileReference; lastKnownFileType = file.storyboard; name = Base; path = Base.lproj/Main.storyboard; sourceTree = "<group>"; };
		C7FCE44A1A1ECE8E00A0BE0D /* Base */ = {isa = PBXFileReference; lastKnownFileType = file.xib; name = Base; path = Base.lproj/LaunchScreen.xib; sourceTree = "<group>"; };
		C7FCE4661A1ED0FA00A0BE0D /* iceland.svg */ = {isa = PBXFileReference; fileEncoding = 4; lastKnownFileType = text.xml; path = iceland.svg; sourceTree = SOURCE_ROOT; };
/* End PBXFileReference section */

/* Begin PBXFrameworksBuildPhase section */
		C76FD91A1A21B2B20054C25D /* Frameworks */ = {
			isa = PBXFrameworksBuildPhase;
			buildActionMask = 2147483647;
			files = (
				C79801131A21CE6300380860 /* SVGPathSerializing.framework in Frameworks */,
				C76FD93E1A21B33D0054C25D /* libxml2.dylib in Frameworks */,
			);
			runOnlyForDeploymentPostprocessing = 0;
		};
		C7FCE4341A1ECE8E00A0BE0D /* Frameworks */ = {
			isa = PBXFrameworksBuildPhase;
			buildActionMask = 2147483647;
			files = (
				C79800EF1A21CC1C00380860 /* SVGPathSerializing.framework in Frameworks */,
				C763A80E1A1F50A6007D5576 /* libxml2.dylib in Frameworks */,
			);
			runOnlyForDeploymentPostprocessing = 0;
		};
/* End PBXFrameworksBuildPhase section */

/* Begin PBXGroup section */
		C79800B01A21CACA00380860 /* Resources */ = {
			isa = PBXGroup;
			children = (
				C72C7BF11A1F278C006C80E5 /* tiger.svg */,
				C7FCE4661A1ED0FA00A0BE0D /* iceland.svg */,
				C7FCE4441A1ECE8E00A0BE0D /* Main.storyboard */,
				C7FCE4491A1ECE8E00A0BE0D /* LaunchScreen.xib */,
				C76FD9281A21B2B20054C25D /* MainMenu.xib */,
			);
			name = Resources;
			path = SVGExample;
			sourceTree = "<group>";
		};
		C79800E81A21CC0300380860 /* Products */ = {
			isa = PBXGroup;
			children = (
				C79800EC1A21CC0300380860 /* SVGPathSerializing.framework */,
				C79801121A21CE5D00380860 /* SVGPathSerializing.framework */,
			);
			name = Products;
			sourceTree = "<group>";
		};
		C7FCE42E1A1ECE8E00A0BE0D = {
			isa = PBXGroup;
			children = (
				C79800E71A21CC0300380860 /* SVGPathSerializing.xcodeproj */,
				C79800B01A21CACA00380860 /* Resources */,
				C7FCE43A1A1ECE8E00A0BE0D /* Supporting Files */,
				C7FCE4381A1ECE8E00A0BE0D /* Products */,
			);
			sourceTree = "<group>";
		};
		C7FCE4381A1ECE8E00A0BE0D /* Products */ = {
			isa = PBXGroup;
			children = (
				C7FCE4371A1ECE8E00A0BE0D /* SVGExample.app */,
				C76FD91D1A21B2B20054C25D /* SVGExample.app */,
			);
			name = Products;
			sourceTree = "<group>";
		};
		C7FCE43A1A1ECE8E00A0BE0D /* Supporting Files */ = {
			isa = PBXGroup;
			children = (
				C763A80D1A1F50A6007D5576 /* libxml2.dylib */,
				C76FD93D1A21B33D0054C25D /* libxml2.dylib */,
				C7FCE43B1A1ECE8E00A0BE0D /* Info-Mac.plist */,
				C71E5EFB1A21B9F100400396 /* Info-iOS.plist */,
				C76FD9211A21B2B20054C25D /* SVGAppDelegate.h */,
				C76FD9221A21B2B20054C25D /* SVGAppDelegate.m */,
				C7FCE43C1A1ECE8E00A0BE0D /* main.m */,
			);
			name = "Supporting Files";
			path = SVGExample;
			sourceTree = "<group>";
		};
/* End PBXGroup section */

/* Begin PBXNativeTarget section */
		C76FD91C1A21B2B20054C25D /* SVGExample(Mac) */ = {
			isa = PBXNativeTarget;
			buildConfigurationList = C76FD9371A21B2B20054C25D /* Build configuration list for PBXNativeTarget "SVGExample(Mac)" */;
			buildPhases = (
				C76FD9191A21B2B20054C25D /* Sources */,
				C76FD91A1A21B2B20054C25D /* Frameworks */,
				C76FD91B1A21B2B20054C25D /* Resources */,
			);
			buildRules = (
			);
			dependencies = (
				C798010F1A21CE5D00380860 /* PBXTargetDependency */,
			);
			name = "SVGExample(Mac)";
			productName = SVGExample;
			productReference = C76FD91D1A21B2B20054C25D /* SVGExample.app */;
			productType = "com.apple.product-type.application";
		};
		C7FCE4361A1ECE8E00A0BE0D /* SVGExample(iPhone) */ = {
			isa = PBXNativeTarget;
			buildConfigurationList = C7FCE45A1A1ECE8E00A0BE0D /* Build configuration list for PBXNativeTarget "SVGExample(iPhone)" */;
			buildPhases = (
				C7FCE4331A1ECE8E00A0BE0D /* Sources */,
				C7FCE4341A1ECE8E00A0BE0D /* Frameworks */,
				C7FCE4351A1ECE8E00A0BE0D /* Resources */,
			);
			buildRules = (
			);
			dependencies = (
				C79800EE1A21CC1600380860 /* PBXTargetDependency */,
			);
			name = "SVGExample(iPhone)";
			productName = SVGExample;
			productReference = C7FCE4371A1ECE8E00A0BE0D /* SVGExample.app */;
			productType = "com.apple.product-type.application";
		};
/* End PBXNativeTarget section */

/* Begin PBXProject section */
		C7FCE42F1A1ECE8E00A0BE0D /* Project object */ = {
			isa = PBXProject;
			attributes = {
				LastUpgradeCheck = 0730;
				ORGANIZATIONNAME = "Fjölnir Ásgeirsson";
				TargetAttributes = {
					C76FD91C1A21B2B20054C25D = {
						CreatedOnToolsVersion = 6.1;
					};
					C7FCE4361A1ECE8E00A0BE0D = {
						CreatedOnToolsVersion = 6.1;
					};
				};
			};
			buildConfigurationList = C7FCE4321A1ECE8E00A0BE0D /* Build configuration list for PBXProject "SVGExample" */;
			compatibilityVersion = "Xcode 3.2";
			developmentRegion = English;
			hasScannedForEncodings = 0;
			knownRegions = (
				en,
				Base,
			);
			mainGroup = C7FCE42E1A1ECE8E00A0BE0D;
			productRefGroup = C7FCE4381A1ECE8E00A0BE0D /* Products */;
			projectDirPath = "";
			projectReferences = (
				{
					ProductGroup = C79800E81A21CC0300380860 /* Products */;
					ProjectRef = C79800E71A21CC0300380860 /* SVGPathSerializing.xcodeproj */;
				},
			);
			projectRoot = "";
			targets = (
				C7FCE4361A1ECE8E00A0BE0D /* SVGExample(iPhone) */,
				C76FD91C1A21B2B20054C25D /* SVGExample(Mac) */,
			);
		};
/* End PBXProject section */

/* Begin PBXReferenceProxy section */
		C79800EC1A21CC0300380860 /* SVGPathSerializing.framework */ = {
			isa = PBXReferenceProxy;
			fileType = wrapper.framework;
			path = SVGPathSerializing.framework;
			remoteRef = C79800EB1A21CC0300380860 /* PBXContainerItemProxy */;
			sourceTree = BUILT_PRODUCTS_DIR;
		};
		C79801121A21CE5D00380860 /* SVGPathSerializing.framework */ = {
			isa = PBXReferenceProxy;
			fileType = wrapper.framework;
			path = SVGPathSerializing.framework;
			remoteRef = C79801111A21CE5D00380860 /* PBXContainerItemProxy */;
			sourceTree = BUILT_PRODUCTS_DIR;
		};
/* End PBXReferenceProxy section */

/* Begin PBXResourcesBuildPhase section */
		C76FD91B1A21B2B20054C25D /* Resources */ = {
			isa = PBXResourcesBuildPhase;
			buildActionMask = 2147483647;
			files = (
				C71E5EF91A21B69800400396 /* tiger.svg in Resources */,
				C71E5EFA1A21B69A00400396 /* iceland.svg in Resources */,
				C76FD92A1A21B2B20054C25D /* MainMenu.xib in Resources */,
			);
			runOnlyForDeploymentPostprocessing = 0;
		};
		C7FCE4351A1ECE8E00A0BE0D /* Resources */ = {
			isa = PBXResourcesBuildPhase;
			buildActionMask = 2147483647;
			files = (
				C7FCE4461A1ECE8E00A0BE0D /* Main.storyboard in Resources */,
				C7FCE4671A1ED0FA00A0BE0D /* iceland.svg in Resources */,
				C72C7BF21A1F278C006C80E5 /* tiger.svg in Resources */,
				C7FCE44B1A1ECE8E00A0BE0D /* LaunchScreen.xib in Resources */,
			);
			runOnlyForDeploymentPostprocessing = 0;
		};
/* End PBXResourcesBuildPhase section */

/* Begin PBXSourcesBuildPhase section */
		C76FD9191A21B2B20054C25D /* Sources */ = {
			isa = PBXSourcesBuildPhase;
			buildActionMask = 2147483647;
			files = (
				C76FD9231A21B2B20054C25D /* SVGAppDelegate.m in Sources */,
				C71E5F091A21C56F00400396 /* main.m in Sources */,
			);
			runOnlyForDeploymentPostprocessing = 0;
		};
		C7FCE4331A1ECE8E00A0BE0D /* Sources */ = {
			isa = PBXSourcesBuildPhase;
			buildActionMask = 2147483647;
			files = (
				C71E5EFD1A21C11200400396 /* SVGAppDelegate.m in Sources */,
				C7FCE43D1A1ECE8E00A0BE0D /* main.m in Sources */,
			);
			runOnlyForDeploymentPostprocessing = 0;
		};
/* End PBXSourcesBuildPhase section */

/* Begin PBXTargetDependency section */
		C79800EE1A21CC1600380860 /* PBXTargetDependency */ = {
			isa = PBXTargetDependency;
			name = SVGPathSerializing;
			targetProxy = C79800ED1A21CC1600380860 /* PBXContainerItemProxy */;
		};
		C798010F1A21CE5D00380860 /* PBXTargetDependency */ = {
			isa = PBXTargetDependency;
			name = "SVGPathSerializing (Mac)";
			targetProxy = C798010E1A21CE5D00380860 /* PBXContainerItemProxy */;
		};
/* End PBXTargetDependency section */

/* Begin PBXVariantGroup section */
		C76FD9281A21B2B20054C25D /* MainMenu.xib */ = {
			isa = PBXVariantGroup;
			children = (
				C76FD9291A21B2B20054C25D /* Base */,
			);
			name = MainMenu.xib;
			sourceTree = "<group>";
		};
		C7FCE4441A1ECE8E00A0BE0D /* Main.storyboard */ = {
			isa = PBXVariantGroup;
			children = (
				C7FCE4451A1ECE8E00A0BE0D /* Base */,
			);
			name = Main.storyboard;
			sourceTree = "<group>";
		};
		C7FCE4491A1ECE8E00A0BE0D /* LaunchScreen.xib */ = {
			isa = PBXVariantGroup;
			children = (
				C7FCE44A1A1ECE8E00A0BE0D /* Base */,
			);
			name = LaunchScreen.xib;
			sourceTree = "<group>";
		};
/* End PBXVariantGroup section */

/* Begin XCBuildConfiguration section */
		C76FD9381A21B2B20054C25D /* Debug */ = {
			isa = XCBuildConfiguration;
			buildSettings = {
				ASSETCATALOG_COMPILER_APPICON_NAME = AppIcon;
				CODE_SIGN_IDENTITY = "-";
				COMBINE_HIDPI_IMAGES = YES;
				GCC_PREPROCESSOR_DEFINITIONS = (
					"DEBUG=1",
					"$(inherited)",
				);
				HEADER_SEARCH_PATHS = (
					"$(inherited)",
					/Applications/Xcode.app/Contents/Developer/Toolchains/XcodeDefault.xctoolchain/usr/include,
					"$(SDKROOT)/usr/include/libxml2",
				);
				INFOPLIST_FILE = "SVGExample/Info-Mac.plist";
				LD_RUNPATH_SEARCH_PATHS = "$(inherited) @executable_path/../Frameworks";
				MACOSX_DEPLOYMENT_TARGET = 10.10;
				PRODUCT_BUNDLE_IDENTIFIER = "is.fjolnir.$(PRODUCT_NAME:rfc1034identifier)";
				PRODUCT_NAME = SVGExample;
				SDKROOT = macosx;
			};
			name = Debug;
		};
		C76FD9391A21B2B20054C25D /* Release */ = {
			isa = XCBuildConfiguration;
			buildSettings = {
				ASSETCATALOG_COMPILER_APPICON_NAME = AppIcon;
				CODE_SIGN_IDENTITY = "-";
				COMBINE_HIDPI_IMAGES = YES;
				DEBUG_INFORMATION_FORMAT = "dwarf-with-dsym";
				HEADER_SEARCH_PATHS = (
					"$(inherited)",
					/Applications/Xcode.app/Contents/Developer/Toolchains/XcodeDefault.xctoolchain/usr/include,
					"$(SDKROOT)/usr/include/libxml2",
				);
				INFOPLIST_FILE = "SVGExample/Info-Mac.plist";
				LD_RUNPATH_SEARCH_PATHS = "$(inherited) @executable_path/../Frameworks";
				MACOSX_DEPLOYMENT_TARGET = 10.10;
				PRODUCT_BUNDLE_IDENTIFIER = "is.fjolnir.$(PRODUCT_NAME:rfc1034identifier)";
				PRODUCT_NAME = SVGExample;
				SDKROOT = macosx;
			};
			name = Release;
		};
		C7FCE4581A1ECE8E00A0BE0D /* Debug */ = {
			isa = XCBuildConfiguration;
			buildSettings = {
				ALWAYS_SEARCH_USER_PATHS = NO;
				CLANG_CXX_LANGUAGE_STANDARD = "gnu++0x";
				CLANG_CXX_LIBRARY = "libc++";
				CLANG_ENABLE_MODULES = YES;
				CLANG_ENABLE_OBJC_ARC = YES;
				CLANG_WARN_BOOL_CONVERSION = YES;
				CLANG_WARN_CONSTANT_CONVERSION = YES;
				CLANG_WARN_DIRECT_OBJC_ISA_USAGE = YES_ERROR;
				CLANG_WARN_EMPTY_BODY = YES;
				CLANG_WARN_ENUM_CONVERSION = YES;
				CLANG_WARN_INT_CONVERSION = YES;
				CLANG_WARN_OBJC_ROOT_CLASS = YES_ERROR;
				CLANG_WARN_UNREACHABLE_CODE = YES;
				CLANG_WARN__DUPLICATE_METHOD_MATCH = YES;
				"CODE_SIGN_IDENTITY[sdk=iphoneos*]" = "iPhone Developer";
				COPY_PHASE_STRIP = NO;
				ENABLE_STRICT_OBJC_MSGSEND = YES;
				ENABLE_TESTABILITY = YES;
				GCC_C_LANGUAGE_STANDARD = gnu99;
				GCC_DYNAMIC_NO_PIC = NO;
				GCC_OPTIMIZATION_LEVEL = 0;
				GCC_PREPROCESSOR_DEFINITIONS = (
					"DEBUG=1",
					"$(inherited)",
				);
				GCC_SYMBOLS_PRIVATE_EXTERN = NO;
				GCC_WARN_64_TO_32_BIT_CONVERSION = YES;
				GCC_WARN_ABOUT_RETURN_TYPE = YES_ERROR;
				GCC_WARN_UNDECLARED_SELECTOR = YES;
				GCC_WARN_UNINITIALIZED_AUTOS = YES_AGGRESSIVE;
				GCC_WARN_UNUSED_FUNCTION = YES;
				GCC_WARN_UNUSED_VARIABLE = YES;
				IPHONEOS_DEPLOYMENT_TARGET = 8.1;
				MACOSX_DEPLOYMENT_TARGET = 10.10;
				MTL_ENABLE_DEBUG_INFO = YES;
				ONLY_ACTIVE_ARCH = YES;
				SDKROOT = iphoneos;
				TARGETED_DEVICE_FAMILY = "1,2";
			};
			name = Debug;
		};
		C7FCE4591A1ECE8E00A0BE0D /* Release */ = {
			isa = XCBuildConfiguration;
			buildSettings = {
				ALWAYS_SEARCH_USER_PATHS = NO;
				CLANG_CXX_LANGUAGE_STANDARD = "gnu++0x";
				CLANG_CXX_LIBRARY = "libc++";
				CLANG_ENABLE_MODULES = YES;
				CLANG_ENABLE_OBJC_ARC = YES;
				CLANG_WARN_BOOL_CONVERSION = YES;
				CLANG_WARN_CONSTANT_CONVERSION = YES;
				CLANG_WARN_DIRECT_OBJC_ISA_USAGE = YES_ERROR;
				CLANG_WARN_EMPTY_BODY = YES;
				CLANG_WARN_ENUM_CONVERSION = YES;
				CLANG_WARN_INT_CONVERSION = YES;
				CLANG_WARN_OBJC_ROOT_CLASS = YES_ERROR;
				CLANG_WARN_UNREACHABLE_CODE = YES;
				CLANG_WARN__DUPLICATE_METHOD_MATCH = YES;
				"CODE_SIGN_IDENTITY[sdk=iphoneos*]" = "iPhone Developer";
				COPY_PHASE_STRIP = YES;
				ENABLE_NS_ASSERTIONS = NO;
				ENABLE_STRICT_OBJC_MSGSEND = YES;
				GCC_C_LANGUAGE_STANDARD = gnu99;
				GCC_WARN_64_TO_32_BIT_CONVERSION = YES;
				GCC_WARN_ABOUT_RETURN_TYPE = YES_ERROR;
				GCC_WARN_UNDECLARED_SELECTOR = YES;
				GCC_WARN_UNINITIALIZED_AUTOS = YES_AGGRESSIVE;
				GCC_WARN_UNUSED_FUNCTION = YES;
				GCC_WARN_UNUSED_VARIABLE = YES;
				IPHONEOS_DEPLOYMENT_TARGET = 8.1;
				MACOSX_DEPLOYMENT_TARGET = 10.10;
				MTL_ENABLE_DEBUG_INFO = NO;
				SDKROOT = iphoneos;
				TARGETED_DEVICE_FAMILY = "1,2";
				VALIDATE_PRODUCT = YES;
			};
			name = Release;
		};
		C7FCE45B1A1ECE8E00A0BE0D /* Debug */ = {
			isa = XCBuildConfiguration;
			buildSettings = {
				ASSETCATALOG_COMPILER_APPICON_NAME = AppIcon;
				HEADER_SEARCH_PATHS = (
					"$(inherited)",
					"/Applications/Xcode-Beta.app/Contents/Developer/Toolchains/XcodeDefault.xctoolchain/usr/include",
					"$(SDKROOT)/usr/include/libxml2",
				);
				INFOPLIST_FILE = "SVGExample/Info-iOS.plist";
				LD_RUNPATH_SEARCH_PATHS = "$(inherited) @executable_path/Frameworks";
				PRODUCT_BUNDLE_IDENTIFIER = "is.fjolnir.$(PRODUCT_NAME:rfc1034identifier)";
				PRODUCT_NAME = SVGExample;
			};
			name = Debug;
		};
		C7FCE45C1A1ECE8E00A0BE0D /* Release */ = {
			isa = XCBuildConfiguration;
			buildSettings = {
				ASSETCATALOG_COMPILER_APPICON_NAME = AppIcon;
				HEADER_SEARCH_PATHS = (
					"$(inherited)",
					"/Applications/Xcode-Beta.app/Contents/Developer/Toolchains/XcodeDefault.xctoolchain/usr/include",
					"$(SDKROOT)/usr/include/libxml2",
				);
				INFOPLIST_FILE = "SVGExample/Info-iOS.plist";
				LD_RUNPATH_SEARCH_PATHS = "$(inherited) @executable_path/Frameworks";
				PRODUCT_BUNDLE_IDENTIFIER = "is.fjolnir.$(PRODUCT_NAME:rfc1034identifier)";
				PRODUCT_NAME = SVGExample;
			};
			name = Release;
		};
/* End XCBuildConfiguration section */

/* Begin XCConfigurationList section */
		C76FD9371A21B2B20054C25D /* Build configuration list for PBXNativeTarget "SVGExample(Mac)" */ = {
			isa = XCConfigurationList;
			buildConfigurations = (
				C76FD9381A21B2B20054C25D /* Debug */,
				C76FD9391A21B2B20054C25D /* Release */,
			);
			defaultConfigurationIsVisible = 0;
			defaultConfigurationName = Release;
		};
		C7FCE4321A1ECE8E00A0BE0D /* Build configuration list for PBXProject "SVGExample" */ = {
			isa = XCConfigurationList;
			buildConfigurations = (
				C7FCE4581A1ECE8E00A0BE0D /* Debug */,
				C7FCE4591A1ECE8E00A0BE0D /* Release */,
			);
			defaultConfigurationIsVisible = 0;
			defaultConfigurationName = Release;
		};
		C7FCE45A1A1ECE8E00A0BE0D /* Build configuration list for PBXNativeTarget "SVGExample(iPhone)" */ = {
			isa = XCConfigurationList;
			buildConfigurations = (
				C7FCE45B1A1ECE8E00A0BE0D /* Debug */,
				C7FCE45C1A1ECE8E00A0BE0D /* Release */,
			);
			defaultConfigurationIsVisible = 0;
			defaultConfigurationName = Release;
		};
/* End XCConfigurationList section */
	};
	rootObject = C7FCE42F1A1ECE8E00A0BE0D /* Project object */;
}
